
Microsoft Visual Studio Solution File, Format Version 12.00
# Visual Studio 2013
VisualStudioVersion = 12.0.30501.0
MinimumVisualStudioVersion = 10.0.40219.1
Project("{8BC9CEB8-8B4A-11D0-8D11-00A0C91BC942}") = "myFix", "myFix.vcxproj", "{BFC39B85-D877-4A9B-A13F-50039BCB28BB}"
	ProjectSection(ProjectDependencies) = postProject
		{D5D558EA-BBAC-4862-A946-D3881BACE3B7} = {D5D558EA-BBAC-4862-A946-D3881BACE3B7}
	EndProjectSection
EndProject
Project("{8BC9CEB8-8B4A-11D0-8D11-00A0C91BC942}") = "quickfix", "..\..\quickfix\src\C++\quickfix_vs12.vcxproj", "{D5D558EA-BBAC-4862-A946-D3881BACE3B7}"
EndProject
Project("{8BC9CEB8-8B4A-11D0-8D11-00A0C91BC942}") = "thOth", "..\..\thOth\thOth\thOth.vcxproj", "{7653D38D-8F71-457F-BDE5-B8AF7B8A69BA}"
EndProject
Global
	GlobalSection(SolutionConfigurationPlatforms) = preSolution
		Debug test|Win32 = Debug test|Win32
		Debug|Win32 = Debug|Win32
		Release|Win32 = Release|Win32
	EndGlobalSection
	GlobalSection(ProjectConfigurationPlatforms) = postSolution
		{BFC39B85-D877-4A9B-A13F-50039BCB28BB}.Debug test|Win32.ActiveCfg = Debug|Win32
		{BFC39B85-D877-4A9B-A13F-50039BCB28BB}.Debug test|Win32.Build.0 = Debug|Win32
		{BFC39B85-D877-4A9B-A13F-50039BCB28BB}.Debug|Win32.ActiveCfg = Debug|Win32
		{BFC39B85-D877-4A9B-A13F-50039BCB28BB}.Debug|Win32.Build.0 = Debug|Win32
		{BFC39B85-D877-4A9B-A13F-50039BCB28BB}.Release|Win32.ActiveCfg = Release|Win32
		{BFC39B85-D877-4A9B-A13F-50039BCB28BB}.Release|Win32.Build.0 = Release|Win32
		{D5D558EA-BBAC-4862-A946-D3881BACE3B7}.Debug test|Win32.ActiveCfg = Debug|Win32
		{D5D558EA-BBAC-4862-A946-D3881BACE3B7}.Debug test|Win32.Build.0 = Debug|Win32
		{D5D558EA-BBAC-4862-A946-D3881BACE3B7}.Debug|Win32.ActiveCfg = Debug|Win32
		{D5D558EA-BBAC-4862-A946-D3881BACE3B7}.Debug|Win32.Build.0 = Debug|Win32
		{D5D558EA-BBAC-4862-A946-D3881BACE3B7}.Release|Win32.ActiveCfg = Release|Win32
		{D5D558EA-BBAC-4862-A946-D3881BACE3B7}.Release|Win32.Build.0 = Release|Win32
		{7653D38D-8F71-457F-BDE5-B8AF7B8A69BA}.Debug test|Win32.ActiveCfg = Debug test|Win32
		{7653D38D-8F71-457F-BDE5-B8AF7B8A69BA}.Debug test|Win32.Build.0 = Debug test|Win32
		{7653D38D-8F71-457F-BDE5-B8AF7B8A69BA}.Debug|Win32.ActiveCfg = Debug|Win32
		{7653D38D-8F71-457F-BDE5-B8AF7B8A69BA}.Debug|Win32.Build.0 = Debug|Win32
		{7653D38D-8F71-457F-BDE5-B8AF7B8A69BA}.Release|Win32.ActiveCfg = Release|Win32
		{7653D38D-8F71-457F-BDE5-B8AF7B8A69BA}.Release|Win32.Build.0 = Release|Win32
	EndGlobalSection
	GlobalSection(SolutionProperties) = preSolution
		HideSolutionNode = FALSE
	EndGlobalSection
EndGlobal
