<?xml version="1.0" encoding="utf-8"?>
<Project ToolsVersion="4.0" xmlns="http://schemas.microsoft.com/developer/msbuild/2003">
  <ItemGroup>
    <Filter Include="Source Files">
      <UniqueIdentifier>{4FC737F1-C7A5-4376-A066-2A32D752A2FF}</UniqueIdentifier>
      <Extensions>cpp;c;cc;cxx;def;odl;idl;hpj;bat;asm;asmx</Extensions>
    </Filter>
    <Filter Include="Header Files">
      <UniqueIdentifier>{93995380-89BD-4b04-88EB-625FBE52EBFB}</UniqueIdentifier>
      <Extensions>h;hh;hpp;hxx;hm;inl;inc;xsd</Extensions>
    </Filter>
    <Filter Include="Resource Files">
      <UniqueIdentifier>{67DA6AB6-F800-4c08-8B7A-83BB121AAD01}</UniqueIdentifier>
      <Extensions>rc;ico;cur;bmp;dlg;rc2;rct;bin;rgs;gif;jpg;jpeg;jpe;resx;tiff;tif;png;wav;mfcribbon-ms</Extensions>
    </Filter>
  </ItemGroup>
  <ItemGroup>
    <ClCompile Include="main.cpp">
      <Filter>Source Files</Filter>
    </ClCompile>
    <ClCompile Include="Application.cpp">
      <Filter>Source Files</Filter>
    </ClCompile>
    <ClCompile Include="utilities\logger\logger.cpp">
      <Filter>Source Files</Filter>
    </ClCompile>
    <ClCompile Include="utilities\settings\settings.cpp">
      <Filter>Source Files</Filter>
    </ClCompile>
    <ClCompile Include="recordset\tableTradeRecordset\tableTradeRecordset.cpp">
      <Filter>Source Files</Filter>
    </ClCompile>
    <ClCompile Include="parser\parser.cpp">
      <Filter>Source Files</Filter>
    </ClCompile>
  </ItemGroup>
  <ItemGroup>
    <ClInclude Include="functions\fileImport.hpp">
      <Filter>Header Files</Filter>
    </ClInclude>
    <ClInclude Include="Application.hpp">
      <Filter>Header Files</Filter>
    </ClInclude>
    <ClInclude Include="functions\debug.hpp">
      <Filter>Header Files</Filter>
    </ClInclude>
    <ClInclude Include="utilities\logger\logger.hpp">
      <Filter>Header Files</Filter>
    </ClInclude>
    <ClInclude Include="utilities\settings\settings.hpp">
      <Filter>Header Files</Filter>
    </ClInclude>
    <ClInclude Include="recordset\recordset.hpp">
      <Filter>Header Files</Filter>
    </ClInclude>
    <ClInclude Include="recordset\tableTradeRecordset\tableTradeRecordset.hpp">
      <Filter>Header Files</Filter>
    </ClInclude>
    <ClInclude Include="utilities\message\message.hpp">
      <Filter>Header Files</Filter>
    </ClInclude>
    <ClInclude Include="parser\parser.hpp">
      <Filter>Header Files</Filter>
    </ClInclude>
    <ClInclude Include="recordset\recordsetException.hpp">
      <Filter>Header Files</Filter>
    </ClInclude>
    <ClInclude Include="functions\facetTest.hpp">
      <Filter>Header Files</Filter>
    </ClInclude>
    <ClInclude Include="recordset\functions\insertSingleTrade.hpp">
      <Filter>Header Files</Filter>
    </ClInclude>
    <ClInclude Include="functions\singleInsert.hpp">
      <Filter>Header Files</Filter>
    </ClInclude>
    <ClInclude Include="functions\all.hpp">
      <Filter>Header Files</Filter>
    </ClInclude>
    <ClInclude Include="recordset\functions\insertBulkTrade.hpp">
      <Filter>Header Files</Filter>
    </ClInclude>
    <ClInclude Include="recordset\functions\insertSingleBar.hpp">
      <Filter>Header Files</Filter>
    </ClInclude>
    <ClInclude Include="recordset\functions\requestBulkTrade.hpp">
      <Filter>Source Files</Filter>
    </ClInclude>
  </ItemGroup>
  <ItemGroup>
    <Text Include="settings.txt" />
  </ItemGroup>
</Project>